
Microsoft Visual Studio Solution File, Format Version 12.00
# Visual Studio Version 17
VisualStudioVersion = 17.9.34723.18
MinimumVisualStudioVersion = 10.0.40219.1
Project("{FAE04EC0-301F-11D3-BF4B-00C04F79EFBC}") = "ActionResultsTutorial", "ActionResultsTutorial\ActionResultsTutorial.csproj", "{0E8C449A-EEEB-4842-BD3E-5ED20D4EDE98}"
EndProject
Global
	GlobalSection(SolutionConfigurationPlatforms) = preSolution
		Debug|Any CPU = Debug|Any CPU
		Release|Any CPU = Release|Any CPU
	EndGlobalSection
	GlobalSection(ProjectConfigurationPlatforms) = postSolution
		{0E8C449A-EEEB-4842-BD3E-5ED20D4EDE98}.Debug|Any CPU.ActiveCfg = Debug|Any CPU
		{0E8C449A-EEEB-4842-BD3E-5ED20D4EDE98}.Debug|Any CPU.Build.0 = Debug|Any CPU
		{0E8C449A-EEEB-4842-BD3E-5ED20D4EDE98}.Release|Any CPU.ActiveCfg = Release|Any CPU
		{0E8C449A-EEEB-4842-BD3E-5ED20D4EDE98}.Release|Any CPU.Build.0 = Release|Any CPU
	EndGlobalSection
	GlobalSection(SolutionProperties) = preSolution
		HideSolutionNode = FALSE
	EndGlobalSection
	GlobalSection(ExtensibilityGlobals) = postSolution
		SolutionGuid = {00E5FA06-EDC5-4A70-A55F-6E2068A7A175}
	EndGlobalSection
EndGlobal
